// !$*UTF8*$!
{
	archiveVersion = 1;
	classes = {
	};
	objectVersion = 56;
	objects = {

/* Begin PBXBuildFile section */
		5618CBFB2C07D1410026D6EA /* AppDelegate.swift in Sources */ = {isa = PBXBuildFile; fileRef = 5618CBFA2C07D1410026D6EA /* AppDelegate.swift */; };
		5618CBFD2C07D1410026D6EA /* SceneDelegate.swift in Sources */ = {isa = PBXBuildFile; fileRef = 5618CBFC2C07D1410026D6EA /* SceneDelegate.swift */; };
		5618CBFF2C07D1410026D6EA /* ViewController.swift in Sources */ = {isa = PBXBuildFile; fileRef = 5618CBFE2C07D1410026D6EA /* ViewController.swift */; };
		5618CC022C07D1410026D6EA /* Base in Resources */ = {isa = PBXBuildFile; fileRef = 5618CC012C07D1410026D6EA /* Base */; };
		5618CC042C07D1420026D6EA /* Assets.xcassets in Resources */ = {isa = PBXBuildFile; fileRef = 5618CC032C07D1420026D6EA /* Assets.xcassets */; };
		5618CC072C07D1420026D6EA /* Base in Resources */ = {isa = PBXBuildFile; fileRef = 5618CC062C07D1420026D6EA /* Base */; };
		5618CC122C07D1430026D6EA /* Unsplash_AppTests.swift in Sources */ = {isa = PBXBuildFile; fileRef = 5618CC112C07D1430026D6EA /* Unsplash_AppTests.swift */; };
		5618CC1C2C07D1430026D6EA /* Unsplash_AppUITests.swift in Sources */ = {isa = PBXBuildFile; fileRef = 5618CC1B2C07D1430026D6EA /* Unsplash_AppUITests.swift */; };
		5618CC1E2C07D1430026D6EA /* Unsplash_AppUITestsLaunchTests.swift in Sources */ = {isa = PBXBuildFile; fileRef = 5618CC1D2C07D1430026D6EA /* Unsplash_AppUITestsLaunchTests.swift */; };
		56956C0F2C07DF9000470F28 /* PhotosDashboardViewController.swift in Sources */ = {isa = PBXBuildFile; fileRef = 56956C0E2C07DF9000470F28 /* PhotosDashboardViewController.swift */; };
		56956C142C07DFC700470F28 /* PhotosDashboardViewModel.swift in Sources */ = {isa = PBXBuildFile; fileRef = 56956C132C07DFC700470F28 /* PhotosDashboardViewModel.swift */; };
		56956C162C07DFF700470F28 /* PhotosDashboardViewDescriptor.swift in Sources */ = {isa = PBXBuildFile; fileRef = 56956C152C07DFF700470F28 /* PhotosDashboardViewDescriptor.swift */; };
		56956C182C07E00800470F28 /* PhotosDashboardDescriptorMapper.swift in Sources */ = {isa = PBXBuildFile; fileRef = 56956C172C07E00800470F28 /* PhotosDashboardDescriptorMapper.swift */; };
		56956C1B2C07E60400470F28 /* LayoutProxy.swift in Sources */ = {isa = PBXBuildFile; fileRef = 56956C1A2C07E60400470F28 /* LayoutProxy.swift */; };
		5979B634A1EE944B2F93FEFD /* Pods_Unsplash_AppTests.framework in Frameworks */ = {isa = PBXBuildFile; fileRef = 59E9F78D7B826EB11DDE3B91 /* Pods_Unsplash_AppTests.framework */; };
		BFA4D0728BC7013D670E8891 /* Pods_Unsplash_App_Unsplash_AppUITests.framework in Frameworks */ = {isa = PBXBuildFile; fileRef = CF72B650D284A893FACCC8B3 /* Pods_Unsplash_App_Unsplash_AppUITests.framework */; };
		E9D5BF37F851AAD19431FB96 /* Pods_Unsplash_App.framework in Frameworks */ = {isa = PBXBuildFile; fileRef = 00371CBF8DCEFD661F2BC7C4 /* Pods_Unsplash_App.framework */; };
/* End PBXBuildFile section */

/* Begin PBXContainerItemProxy section */
		5618CC0E2C07D1430026D6EA /* PBXContainerItemProxy */ = {
			isa = PBXContainerItemProxy;
			containerPortal = 5618CBEF2C07D1410026D6EA /* Project object */;
			proxyType = 1;
			remoteGlobalIDString = 5618CBF62C07D1410026D6EA;
			remoteInfo = "Unsplash App";
		};
		5618CC182C07D1430026D6EA /* PBXContainerItemProxy */ = {
			isa = PBXContainerItemProxy;
			containerPortal = 5618CBEF2C07D1410026D6EA /* Project object */;
			proxyType = 1;
			remoteGlobalIDString = 5618CBF62C07D1410026D6EA;
			remoteInfo = "Unsplash App";
		};
/* End PBXContainerItemProxy section */

/* Begin PBXFileReference section */
		00371CBF8DCEFD661F2BC7C4 /* Pods_Unsplash_App.framework */ = {isa = PBXFileReference; explicitFileType = wrapper.framework; includeInIndex = 0; path = Pods_Unsplash_App.framework; sourceTree = BUILT_PRODUCTS_DIR; };
		05B8925B78F3246DB2AE036C /* Pods-Unsplash App-Unsplash AppUITests.release.xcconfig */ = {isa = PBXFileReference; includeInIndex = 1; lastKnownFileType = text.xcconfig; name = "Pods-Unsplash App-Unsplash AppUITests.release.xcconfig"; path = "Target Support Files/Pods-Unsplash App-Unsplash AppUITests/Pods-Unsplash App-Unsplash AppUITests.release.xcconfig"; sourceTree = "<group>"; };
		41644284ED193D8B943C4B00 /* Pods-Unsplash AppTests.debug.xcconfig */ = {isa = PBXFileReference; includeInIndex = 1; lastKnownFileType = text.xcconfig; name = "Pods-Unsplash AppTests.debug.xcconfig"; path = "Target Support Files/Pods-Unsplash AppTests/Pods-Unsplash AppTests.debug.xcconfig"; sourceTree = "<group>"; };
		5618CBF72C07D1410026D6EA /* Unsplash App.app */ = {isa = PBXFileReference; explicitFileType = wrapper.application; includeInIndex = 0; path = "Unsplash App.app"; sourceTree = BUILT_PRODUCTS_DIR; };
		5618CBFA2C07D1410026D6EA /* AppDelegate.swift */ = {isa = PBXFileReference; lastKnownFileType = sourcecode.swift; path = AppDelegate.swift; sourceTree = "<group>"; };
		5618CBFC2C07D1410026D6EA /* SceneDelegate.swift */ = {isa = PBXFileReference; lastKnownFileType = sourcecode.swift; path = SceneDelegate.swift; sourceTree = "<group>"; };
		5618CBFE2C07D1410026D6EA /* ViewController.swift */ = {isa = PBXFileReference; lastKnownFileType = sourcecode.swift; path = ViewController.swift; sourceTree = "<group>"; };
		5618CC012C07D1410026D6EA /* Base */ = {isa = PBXFileReference; lastKnownFileType = file.storyboard; name = Base; path = Base.lproj/Main.storyboard; sourceTree = "<group>"; };
		5618CC032C07D1420026D6EA /* Assets.xcassets */ = {isa = PBXFileReference; lastKnownFileType = folder.assetcatalog; path = Assets.xcassets; sourceTree = "<group>"; };
		5618CC062C07D1420026D6EA /* Base */ = {isa = PBXFileReference; lastKnownFileType = file.storyboard; name = Base; path = Base.lproj/LaunchScreen.storyboard; sourceTree = "<group>"; };
		5618CC082C07D1420026D6EA /* Info.plist */ = {isa = PBXFileReference; lastKnownFileType = text.plist.xml; path = Info.plist; sourceTree = "<group>"; };
		5618CC0D2C07D1430026D6EA /* Unsplash AppTests.xctest */ = {isa = PBXFileReference; explicitFileType = wrapper.cfbundle; includeInIndex = 0; path = "Unsplash AppTests.xctest"; sourceTree = BUILT_PRODUCTS_DIR; };
		5618CC112C07D1430026D6EA /* Unsplash_AppTests.swift */ = {isa = PBXFileReference; lastKnownFileType = sourcecode.swift; path = Unsplash_AppTests.swift; sourceTree = "<group>"; };
		5618CC172C07D1430026D6EA /* Unsplash AppUITests.xctest */ = {isa = PBXFileReference; explicitFileType = wrapper.cfbundle; includeInIndex = 0; path = "Unsplash AppUITests.xctest"; sourceTree = BUILT_PRODUCTS_DIR; };
		5618CC1B2C07D1430026D6EA /* Unsplash_AppUITests.swift */ = {isa = PBXFileReference; lastKnownFileType = sourcecode.swift; path = Unsplash_AppUITests.swift; sourceTree = "<group>"; };
		5618CC1D2C07D1430026D6EA /* Unsplash_AppUITestsLaunchTests.swift */ = {isa = PBXFileReference; lastKnownFileType = sourcecode.swift; path = Unsplash_AppUITestsLaunchTests.swift; sourceTree = "<group>"; };
		56956C0E2C07DF9000470F28 /* PhotosDashboardViewController.swift */ = {isa = PBXFileReference; lastKnownFileType = sourcecode.swift; path = PhotosDashboardViewController.swift; sourceTree = "<group>"; };
		56956C132C07DFC700470F28 /* PhotosDashboardViewModel.swift */ = {isa = PBXFileReference; lastKnownFileType = sourcecode.swift; path = PhotosDashboardViewModel.swift; sourceTree = "<group>"; };
		56956C152C07DFF700470F28 /* PhotosDashboardViewDescriptor.swift */ = {isa = PBXFileReference; lastKnownFileType = sourcecode.swift; path = PhotosDashboardViewDescriptor.swift; sourceTree = "<group>"; };
		56956C172C07E00800470F28 /* PhotosDashboardDescriptorMapper.swift */ = {isa = PBXFileReference; lastKnownFileType = sourcecode.swift; path = PhotosDashboardDescriptorMapper.swift; sourceTree = "<group>"; };
		56956C1A2C07E60400470F28 /* LayoutProxy.swift */ = {isa = PBXFileReference; lastKnownFileType = sourcecode.swift; path = LayoutProxy.swift; sourceTree = "<group>"; };
		59E9F78D7B826EB11DDE3B91 /* Pods_Unsplash_AppTests.framework */ = {isa = PBXFileReference; explicitFileType = wrapper.framework; includeInIndex = 0; path = Pods_Unsplash_AppTests.framework; sourceTree = BUILT_PRODUCTS_DIR; };
		97F3095D3E2B8341E63625B9 /* Pods-Unsplash App.debug.xcconfig */ = {isa = PBXFileReference; includeInIndex = 1; lastKnownFileType = text.xcconfig; name = "Pods-Unsplash App.debug.xcconfig"; path = "Target Support Files/Pods-Unsplash App/Pods-Unsplash App.debug.xcconfig"; sourceTree = "<group>"; };
		A6DD9BCDBEDA1C9949A58386 /* Pods-Unsplash App-Unsplash AppUITests.debug.xcconfig */ = {isa = PBXFileReference; includeInIndex = 1; lastKnownFileType = text.xcconfig; name = "Pods-Unsplash App-Unsplash AppUITests.debug.xcconfig"; path = "Target Support Files/Pods-Unsplash App-Unsplash AppUITests/Pods-Unsplash App-Unsplash AppUITests.debug.xcconfig"; sourceTree = "<group>"; };
		CF72B650D284A893FACCC8B3 /* Pods_Unsplash_App_Unsplash_AppUITests.framework */ = {isa = PBXFileReference; explicitFileType = wrapper.framework; includeInIndex = 0; path = Pods_Unsplash_App_Unsplash_AppUITests.framework; sourceTree = BUILT_PRODUCTS_DIR; };
		E86DA236F23F527F3A82F8D3 /* Pods-Unsplash AppTests.release.xcconfig */ = {isa = PBXFileReference; includeInIndex = 1; lastKnownFileType = text.xcconfig; name = "Pods-Unsplash AppTests.release.xcconfig"; path = "Target Support Files/Pods-Unsplash AppTests/Pods-Unsplash AppTests.release.xcconfig"; sourceTree = "<group>"; };
		ECC09DD38F057B532CFF682D /* Pods-Unsplash App.release.xcconfig */ = {isa = PBXFileReference; includeInIndex = 1; lastKnownFileType = text.xcconfig; name = "Pods-Unsplash App.release.xcconfig"; path = "Target Support Files/Pods-Unsplash App/Pods-Unsplash App.release.xcconfig"; sourceTree = "<group>"; };
/* End PBXFileReference section */

/* Begin PBXFrameworksBuildPhase section */
		5618CBF42C07D1410026D6EA /* Frameworks */ = {
			isa = PBXFrameworksBuildPhase;
			buildActionMask = 2147483647;
			files = (
				E9D5BF37F851AAD19431FB96 /* Pods_Unsplash_App.framework in Frameworks */,
			);
			runOnlyForDeploymentPostprocessing = 0;
		};
		5618CC0A2C07D1430026D6EA /* Frameworks */ = {
			isa = PBXFrameworksBuildPhase;
			buildActionMask = 2147483647;
			files = (
				5979B634A1EE944B2F93FEFD /* Pods_Unsplash_AppTests.framework in Frameworks */,
			);
			runOnlyForDeploymentPostprocessing = 0;
		};
		5618CC142C07D1430026D6EA /* Frameworks */ = {
			isa = PBXFrameworksBuildPhase;
			buildActionMask = 2147483647;
			files = (
				BFA4D0728BC7013D670E8891 /* Pods_Unsplash_App_Unsplash_AppUITests.framework in Frameworks */,
			);
			runOnlyForDeploymentPostprocessing = 0;
		};
/* End PBXFrameworksBuildPhase section */

/* Begin PBXGroup section */
		5618CBEE2C07D1410026D6EA = {
			isa = PBXGroup;
			children = (
				5618CBF92C07D1410026D6EA /* Unsplash App */,
				5618CC102C07D1430026D6EA /* Unsplash AppTests */,
				5618CC1A2C07D1430026D6EA /* Unsplash AppUITests */,
				5618CBF82C07D1410026D6EA /* Products */,
				9F8CC388C9550B30DFBCF28C /* Pods */,
				8932F778F1CDC4B51FF11B15 /* Frameworks */,
			);
			sourceTree = "<group>";
		};
		5618CBF82C07D1410026D6EA /* Products */ = {
			isa = PBXGroup;
			children = (
				5618CBF72C07D1410026D6EA /* Unsplash App.app */,
				5618CC0D2C07D1430026D6EA /* Unsplash AppTests.xctest */,
				5618CC172C07D1430026D6EA /* Unsplash AppUITests.xctest */,
			);
			name = Products;
			sourceTree = "<group>";
		};
		5618CBF92C07D1410026D6EA /* Unsplash App */ = {
			isa = PBXGroup;
			children = (
				56956C192C07E5E100470F28 /* Layout */,
				56956C0A2C07DF1900470F28 /* Screens */,
				5618CBFA2C07D1410026D6EA /* AppDelegate.swift */,
				5618CBFC2C07D1410026D6EA /* SceneDelegate.swift */,
				5618CBFE2C07D1410026D6EA /* ViewController.swift */,
				5618CC002C07D1410026D6EA /* Main.storyboard */,
				5618CC032C07D1420026D6EA /* Assets.xcassets */,
				5618CC052C07D1420026D6EA /* LaunchScreen.storyboard */,
				5618CC082C07D1420026D6EA /* Info.plist */,
			);
			path = "Unsplash App";
			sourceTree = "<group>";
		};
		5618CC102C07D1430026D6EA /* Unsplash AppTests */ = {
			isa = PBXGroup;
			children = (
				5618CC112C07D1430026D6EA /* Unsplash_AppTests.swift */,
			);
			path = "Unsplash AppTests";
			sourceTree = "<group>";
		};
		5618CC1A2C07D1430026D6EA /* Unsplash AppUITests */ = {
			isa = PBXGroup;
			children = (
				5618CC1B2C07D1430026D6EA /* Unsplash_AppUITests.swift */,
				5618CC1D2C07D1430026D6EA /* Unsplash_AppUITestsLaunchTests.swift */,
			);
			path = "Unsplash AppUITests";
			sourceTree = "<group>";
		};
		56956C0A2C07DF1900470F28 /* Screens */ = {
			isa = PBXGroup;
			children = (
				56956C0B2C07DF2C00470F28 /* PhotosDashboard */,
			);
			path = Screens;
			sourceTree = "<group>";
		};
		56956C0B2C07DF2C00470F28 /* PhotosDashboard */ = {
			isa = PBXGroup;
			children = (
				56956C122C07DFB000470F28 /* Data */,
				56956C112C07DFA900470F28 /* Domain */,
				56956C102C07DF9E00470F28 /* Presentation */,
			);
			path = PhotosDashboard;
			sourceTree = "<group>";
		};
		56956C102C07DF9E00470F28 /* Presentation */ = {
			isa = PBXGroup;
			children = (
				56956C0E2C07DF9000470F28 /* PhotosDashboardViewController.swift */,
				56956C132C07DFC700470F28 /* PhotosDashboardViewModel.swift */,
				56956C152C07DFF700470F28 /* PhotosDashboardViewDescriptor.swift */,
				56956C172C07E00800470F28 /* PhotosDashboardDescriptorMapper.swift */,
			);
			path = Presentation;
			sourceTree = "<group>";
		};
		56956C112C07DFA900470F28 /* Domain */ = {
			isa = PBXGroup;
			children = (
			);
			path = Domain;
			sourceTree = "<group>";
		};
		56956C122C07DFB000470F28 /* Data */ = {
			isa = PBXGroup;
			children = (
			);
			path = Data;
			sourceTree = "<group>";
		};
		56956C192C07E5E100470F28 /* Layout */ = {
			isa = PBXGroup;
			children = (
				56956C1A2C07E60400470F28 /* LayoutProxy.swift */,
			);
			path = Layout;
			sourceTree = "<group>";
		};
		8932F778F1CDC4B51FF11B15 /* Frameworks */ = {
			isa = PBXGroup;
			children = (
				00371CBF8DCEFD661F2BC7C4 /* Pods_Unsplash_App.framework */,
				CF72B650D284A893FACCC8B3 /* Pods_Unsplash_App_Unsplash_AppUITests.framework */,
				59E9F78D7B826EB11DDE3B91 /* Pods_Unsplash_AppTests.framework */,
			);
			name = Frameworks;
			sourceTree = "<group>";
		};
		9F8CC388C9550B30DFBCF28C /* Pods */ = {
			isa = PBXGroup;
			children = (
				97F3095D3E2B8341E63625B9 /* Pods-Unsplash App.debug.xcconfig */,
				ECC09DD38F057B532CFF682D /* Pods-Unsplash App.release.xcconfig */,
				A6DD9BCDBEDA1C9949A58386 /* Pods-Unsplash App-Unsplash AppUITests.debug.xcconfig */,
				05B8925B78F3246DB2AE036C /* Pods-Unsplash App-Unsplash AppUITests.release.xcconfig */,
				41644284ED193D8B943C4B00 /* Pods-Unsplash AppTests.debug.xcconfig */,
				E86DA236F23F527F3A82F8D3 /* Pods-Unsplash AppTests.release.xcconfig */,
			);
			path = Pods;
			sourceTree = "<group>";
		};
/* End PBXGroup section */

/* Begin PBXNativeTarget section */
		5618CBF62C07D1410026D6EA /* Unsplash App */ = {
			isa = PBXNativeTarget;
			buildConfigurationList = 5618CC212C07D1430026D6EA /* Build configuration list for PBXNativeTarget "Unsplash App" */;
			buildPhases = (
				45C2A698199073C152764A81 /* [CP] Check Pods Manifest.lock */,
				5618CBF32C07D1410026D6EA /* Sources */,
				5618CBF42C07D1410026D6EA /* Frameworks */,
				5618CBF52C07D1410026D6EA /* Resources */,
			);
			buildRules = (
			);
			dependencies = (
			);
			name = "Unsplash App";
			productName = "Unsplash App";
			productReference = 5618CBF72C07D1410026D6EA /* Unsplash App.app */;
			productType = "com.apple.product-type.application";
		};
		5618CC0C2C07D1430026D6EA /* Unsplash AppTests */ = {
			isa = PBXNativeTarget;
			buildConfigurationList = 5618CC242C07D1430026D6EA /* Build configuration list for PBXNativeTarget "Unsplash AppTests" */;
			buildPhases = (
				457510DFE2FEB8E4991DD065 /* [CP] Check Pods Manifest.lock */,
				5618CC092C07D1430026D6EA /* Sources */,
				5618CC0A2C07D1430026D6EA /* Frameworks */,
				5618CC0B2C07D1430026D6EA /* Resources */,
			);
			buildRules = (
			);
			dependencies = (
				5618CC0F2C07D1430026D6EA /* PBXTargetDependency */,
			);
			name = "Unsplash AppTests";
			productName = "Unsplash AppTests";
			productReference = 5618CC0D2C07D1430026D6EA /* Unsplash AppTests.xctest */;
			productType = "com.apple.product-type.bundle.unit-test";
		};
		5618CC162C07D1430026D6EA /* Unsplash AppUITests */ = {
			isa = PBXNativeTarget;
			buildConfigurationList = 5618CC272C07D1430026D6EA /* Build configuration list for PBXNativeTarget "Unsplash AppUITests" */;
			buildPhases = (
				EA274B950A10A9A306CE27E9 /* [CP] Check Pods Manifest.lock */,
				5618CC132C07D1430026D6EA /* Sources */,
				5618CC142C07D1430026D6EA /* Frameworks */,
				5618CC152C07D1430026D6EA /* Resources */,
			);
			buildRules = (
			);
			dependencies = (
				5618CC192C07D1430026D6EA /* PBXTargetDependency */,
			);
			name = "Unsplash AppUITests";
			productName = "Unsplash AppUITests";
			productReference = 5618CC172C07D1430026D6EA /* Unsplash AppUITests.xctest */;
			productType = "com.apple.product-type.bundle.ui-testing";
		};
/* End PBXNativeTarget section */

/* Begin PBXProject section */
		5618CBEF2C07D1410026D6EA /* Project object */ = {
			isa = PBXProject;
			attributes = {
				BuildIndependentTargetsInParallel = 1;
				LastSwiftUpdateCheck = 1540;
				LastUpgradeCheck = 1540;
				TargetAttributes = {
					5618CBF62C07D1410026D6EA = {
						CreatedOnToolsVersion = 15.4;
					};
					5618CC0C2C07D1430026D6EA = {
						CreatedOnToolsVersion = 15.4;
						TestTargetID = 5618CBF62C07D1410026D6EA;
					};
					5618CC162C07D1430026D6EA = {
						CreatedOnToolsVersion = 15.4;
						TestTargetID = 5618CBF62C07D1410026D6EA;
					};
				};
			};
			buildConfigurationList = 5618CBF22C07D1410026D6EA /* Build configuration list for PBXProject "Unsplash App" */;
			compatibilityVersion = "Xcode 14.0";
			developmentRegion = en;
			hasScannedForEncodings = 0;
			knownRegions = (
				en,
				Base,
			);
			mainGroup = 5618CBEE2C07D1410026D6EA;
			productRefGroup = 5618CBF82C07D1410026D6EA /* Products */;
			projectDirPath = "";
			projectRoot = "";
			targets = (
				5618CBF62C07D1410026D6EA /* Unsplash App */,
				5618CC0C2C07D1430026D6EA /* Unsplash AppTests */,
				5618CC162C07D1430026D6EA /* Unsplash AppUITests */,
			);
		};
/* End PBXProject section */

/* Begin PBXResourcesBuildPhase section */
		5618CBF52C07D1410026D6EA /* Resources */ = {
			isa = PBXResourcesBuildPhase;
			buildActionMask = 2147483647;
			files = (
				5618CC042C07D1420026D6EA /* Assets.xcassets in Resources */,
				5618CC072C07D1420026D6EA /* Base in Resources */,
				5618CC022C07D1410026D6EA /* Base in Resources */,
			);
			runOnlyForDeploymentPostprocessing = 0;
		};
		5618CC0B2C07D1430026D6EA /* Resources */ = {
			isa = PBXResourcesBuildPhase;
			buildActionMask = 2147483647;
			files = (
			);
			runOnlyForDeploymentPostprocessing = 0;
		};
		5618CC152C07D1430026D6EA /* Resources */ = {
			isa = PBXResourcesBuildPhase;
			buildActionMask = 2147483647;
			files = (
			);
			runOnlyForDeploymentPostprocessing = 0;
		};
/* End PBXResourcesBuildPhase section */

/* Begin PBXShellScriptBuildPhase section */
		457510DFE2FEB8E4991DD065 /* [CP] Check Pods Manifest.lock */ = {
			isa = PBXShellScriptBuildPhase;
			buildActionMask = 2147483647;
			files = (
			);
			inputFileListPaths = (
			);
			inputPaths = (
				"${PODS_PODFILE_DIR_PATH}/Podfile.lock",
				"${PODS_ROOT}/Manifest.lock",
			);
			name = "[CP] Check Pods Manifest.lock";
			outputFileListPaths = (
			);
			outputPaths = (
				"$(DERIVED_FILE_DIR)/Pods-Unsplash AppTests-checkManifestLockResult.txt",
			);
			runOnlyForDeploymentPostprocessing = 0;
			shellPath = /bin/sh;
			shellScript = "diff \"${PODS_PODFILE_DIR_PATH}/Podfile.lock\" \"${PODS_ROOT}/Manifest.lock\" > /dev/null\nif [ $? != 0 ] ; then\n    # print error to STDERR\n    echo \"error: The sandbox is not in sync with the Podfile.lock. Run 'pod install' or update your CocoaPods installation.\" >&2\n    exit 1\nfi\n# This output is used by Xcode 'outputs' to avoid re-running this script phase.\necho \"SUCCESS\" > \"${SCRIPT_OUTPUT_FILE_0}\"\n";
			showEnvVarsInLog = 0;
		};
		45C2A698199073C152764A81 /* [CP] Check Pods Manifest.lock */ = {
			isa = PBXShellScriptBuildPhase;
			buildActionMask = 2147483647;
			files = (
			);
			inputFileListPaths = (
			);
			inputPaths = (
				"${PODS_PODFILE_DIR_PATH}/Podfile.lock",
				"${PODS_ROOT}/Manifest.lock",
			);
			name = "[CP] Check Pods Manifest.lock";
			outputFileListPaths = (
			);
			outputPaths = (
				"$(DERIVED_FILE_DIR)/Pods-Unsplash App-checkManifestLockResult.txt",
			);
			runOnlyForDeploymentPostprocessing = 0;
			shellPath = /bin/sh;
			shellScript = "diff \"${PODS_PODFILE_DIR_PATH}/Podfile.lock\" \"${PODS_ROOT}/Manifest.lock\" > /dev/null\nif [ $? != 0 ] ; then\n    # print error to STDERR\n    echo \"error: The sandbox is not in sync with the Podfile.lock. Run 'pod install' or update your CocoaPods installation.\" >&2\n    exit 1\nfi\n# This output is used by Xcode 'outputs' to avoid re-running this script phase.\necho \"SUCCESS\" > \"${SCRIPT_OUTPUT_FILE_0}\"\n";
			showEnvVarsInLog = 0;
		};
		EA274B950A10A9A306CE27E9 /* [CP] Check Pods Manifest.lock */ = {
			isa = PBXShellScriptBuildPhase;
			buildActionMask = 2147483647;
			files = (
			);
			inputFileListPaths = (
			);
			inputPaths = (
				"${PODS_PODFILE_DIR_PATH}/Podfile.lock",
				"${PODS_ROOT}/Manifest.lock",
			);
			name = "[CP] Check Pods Manifest.lock";
			outputFileListPaths = (
			);
			outputPaths = (
				"$(DERIVED_FILE_DIR)/Pods-Unsplash App-Unsplash AppUITests-checkManifestLockResult.txt",
			);
			runOnlyForDeploymentPostprocessing = 0;
			shellPath = /bin/sh;
			shellScript = "diff \"${PODS_PODFILE_DIR_PATH}/Podfile.lock\" \"${PODS_ROOT}/Manifest.lock\" > /dev/null\nif [ $? != 0 ] ; then\n    # print error to STDERR\n    echo \"error: The sandbox is not in sync with the Podfile.lock. Run 'pod install' or update your CocoaPods installation.\" >&2\n    exit 1\nfi\n# This output is used by Xcode 'outputs' to avoid re-running this script phase.\necho \"SUCCESS\" > \"${SCRIPT_OUTPUT_FILE_0}\"\n";
			showEnvVarsInLog = 0;
		};
/* End PBXShellScriptBuildPhase section */

/* Begin PBXSourcesBuildPhase section */
		5618CBF32C07D1410026D6EA /* Sources */ = {
			isa = PBXSourcesBuildPhase;
			buildActionMask = 2147483647;
			files = (
				56956C142C07DFC700470F28 /* PhotosDashboardViewModel.swift in Sources */,
				5618CBFF2C07D1410026D6EA /* ViewController.swift in Sources */,
				5618CBFB2C07D1410026D6EA /* AppDelegate.swift in Sources */,
				56956C0F2C07DF9000470F28 /* PhotosDashboardViewController.swift in Sources */,
				56956C1B2C07E60400470F28 /* LayoutProxy.swift in Sources */,
				56956C182C07E00800470F28 /* PhotosDashboardDescriptorMapper.swift in Sources */,
				5618CBFD2C07D1410026D6EA /* SceneDelegate.swift in Sources */,
				56956C162C07DFF700470F28 /* PhotosDashboardViewDescriptor.swift in Sources */,
			);
			runOnlyForDeploymentPostprocessing = 0;
		};
		5618CC092C07D1430026D6EA /* Sources */ = {
			isa = PBXSourcesBuildPhase;
			buildActionMask = 2147483647;
			files = (
				5618CC122C07D1430026D6EA /* Unsplash_AppTests.swift in Sources */,
			);
			runOnlyForDeploymentPostprocessing = 0;
		};
		5618CC132C07D1430026D6EA /* Sources */ = {
			isa = PBXSourcesBuildPhase;
			buildActionMask = 2147483647;
			files = (
				5618CC1E2C07D1430026D6EA /* Unsplash_AppUITestsLaunchTests.swift in Sources */,
				5618CC1C2C07D1430026D6EA /* Unsplash_AppUITests.swift in Sources */,
			);
			runOnlyForDeploymentPostprocessing = 0;
		};
/* End PBXSourcesBuildPhase section */

/* Begin PBXTargetDependency section */
		5618CC0F2C07D1430026D6EA /* PBXTargetDependency */ = {
			isa = PBXTargetDependency;
			target = 5618CBF62C07D1410026D6EA /* Unsplash App */;
			targetProxy = 5618CC0E2C07D1430026D6EA /* PBXContainerItemProxy */;
		};
		5618CC192C07D1430026D6EA /* PBXTargetDependency */ = {
			isa = PBXTargetDependency;
			target = 5618CBF62C07D1410026D6EA /* Unsplash App */;
			targetProxy = 5618CC182C07D1430026D6EA /* PBXContainerItemProxy */;
		};
/* End PBXTargetDependency section */

/* Begin PBXVariantGroup section */
		5618CC002C07D1410026D6EA /* Main.storyboard */ = {
			isa = PBXVariantGroup;
			children = (
				5618CC012C07D1410026D6EA /* Base */,
			);
			name = Main.storyboard;
			sourceTree = "<group>";
		};
		5618CC052C07D1420026D6EA /* LaunchScreen.storyboard */ = {
			isa = PBXVariantGroup;
			children = (
				5618CC062C07D1420026D6EA /* Base */,
			);
			name = LaunchScreen.storyboard;
			sourceTree = "<group>";
		};
/* End PBXVariantGroup section */

/* Begin XCBuildConfiguration section */
		5618CC1F2C07D1430026D6EA /* Debug */ = {
			isa = XCBuildConfiguration;
			buildSettings = {
				ALWAYS_SEARCH_USER_PATHS = NO;
				ASSETCATALOG_COMPILER_GENERATE_SWIFT_ASSET_SYMBOL_EXTENSIONS = YES;
				CLANG_ANALYZER_NONNULL = YES;
				CLANG_ANALYZER_NUMBER_OBJECT_CONVERSION = YES_AGGRESSIVE;
				CLANG_CXX_LANGUAGE_STANDARD = "gnu++20";
				CLANG_ENABLE_MODULES = YES;
				CLANG_ENABLE_OBJC_ARC = YES;
				CLANG_ENABLE_OBJC_WEAK = YES;
				CLANG_WARN_BLOCK_CAPTURE_AUTORELEASING = YES;
				CLANG_WARN_BOOL_CONVERSION = YES;
				CLANG_WARN_COMMA = YES;
				CLANG_WARN_CONSTANT_CONVERSION = YES;
				CLANG_WARN_DEPRECATED_OBJC_IMPLEMENTATIONS = YES;
				CLANG_WARN_DIRECT_OBJC_ISA_USAGE = YES_ERROR;
				CLANG_WARN_DOCUMENTATION_COMMENTS = YES;
				CLANG_WARN_EMPTY_BODY = YES;
				CLANG_WARN_ENUM_CONVERSION = YES;
				CLANG_WARN_INFINITE_RECURSION = YES;
				CLANG_WARN_INT_CONVERSION = YES;
				CLANG_WARN_NON_LITERAL_NULL_CONVERSION = YES;
				CLANG_WARN_OBJC_IMPLICIT_RETAIN_SELF = YES;
				CLANG_WARN_OBJC_LITERAL_CONVERSION = YES;
				CLANG_WARN_OBJC_ROOT_CLASS = YES_ERROR;
				CLANG_WARN_QUOTED_INCLUDE_IN_FRAMEWORK_HEADER = YES;
				CLANG_WARN_RANGE_LOOP_ANALYSIS = YES;
				CLANG_WARN_STRICT_PROTOTYPES = YES;
				CLANG_WARN_SUSPICIOUS_MOVE = YES;
				CLANG_WARN_UNGUARDED_AVAILABILITY = YES_AGGRESSIVE;
				CLANG_WARN_UNREACHABLE_CODE = YES;
				CLANG_WARN__DUPLICATE_METHOD_MATCH = YES;
				COPY_PHASE_STRIP = NO;
				DEBUG_INFORMATION_FORMAT = dwarf;
				ENABLE_STRICT_OBJC_MSGSEND = YES;
				ENABLE_TESTABILITY = YES;
				ENABLE_USER_SCRIPT_SANDBOXING = YES;
				GCC_C_LANGUAGE_STANDARD = gnu17;
				GCC_DYNAMIC_NO_PIC = NO;
				GCC_NO_COMMON_BLOCKS = YES;
				GCC_OPTIMIZATION_LEVEL = 0;
				GCC_PREPROCESSOR_DEFINITIONS = (
					"DEBUG=1",
					"$(inherited)",
				);
				GCC_WARN_64_TO_32_BIT_CONVERSION = YES;
				GCC_WARN_ABOUT_RETURN_TYPE = YES_ERROR;
				GCC_WARN_UNDECLARED_SELECTOR = YES;
				GCC_WARN_UNINITIALIZED_AUTOS = YES_AGGRESSIVE;
				GCC_WARN_UNUSED_FUNCTION = YES;
				GCC_WARN_UNUSED_VARIABLE = YES;
				IPHONEOS_DEPLOYMENT_TARGET = 17.5;
				LOCALIZATION_PREFERS_STRING_CATALOGS = YES;
				MTL_ENABLE_DEBUG_INFO = INCLUDE_SOURCE;
				MTL_FAST_MATH = YES;
				ONLY_ACTIVE_ARCH = YES;
				SDKROOT = iphoneos;
				SWIFT_ACTIVE_COMPILATION_CONDITIONS = "DEBUG $(inherited)";
				SWIFT_OPTIMIZATION_LEVEL = "-Onone";
			};
			name = Debug;
		};
		5618CC202C07D1430026D6EA /* Release */ = {
			isa = XCBuildConfiguration;
			buildSettings = {
				ALWAYS_SEARCH_USER_PATHS = NO;
				ASSETCATALOG_COMPILER_GENERATE_SWIFT_ASSET_SYMBOL_EXTENSIONS = YES;
				CLANG_ANALYZER_NONNULL = YES;
				CLANG_ANALYZER_NUMBER_OBJECT_CONVERSION = YES_AGGRESSIVE;
				CLANG_CXX_LANGUAGE_STANDARD = "gnu++20";
				CLANG_ENABLE_MODULES = YES;
				CLANG_ENABLE_OBJC_ARC = YES;
				CLANG_ENABLE_OBJC_WEAK = YES;
				CLANG_WARN_BLOCK_CAPTURE_AUTORELEASING = YES;
				CLANG_WARN_BOOL_CONVERSION = YES;
				CLANG_WARN_COMMA = YES;
				CLANG_WARN_CONSTANT_CONVERSION = YES;
				CLANG_WARN_DEPRECATED_OBJC_IMPLEMENTATIONS = YES;
				CLANG_WARN_DIRECT_OBJC_ISA_USAGE = YES_ERROR;
				CLANG_WARN_DOCUMENTATION_COMMENTS = YES;
				CLANG_WARN_EMPTY_BODY = YES;
				CLANG_WARN_ENUM_CONVERSION = YES;
				CLANG_WARN_INFINITE_RECURSION = YES;
				CLANG_WARN_INT_CONVERSION = YES;
				CLANG_WARN_NON_LITERAL_NULL_CONVERSION = YES;
				CLANG_WARN_OBJC_IMPLICIT_RETAIN_SELF = YES;
				CLANG_WARN_OBJC_LITERAL_CONVERSION = YES;
				CLANG_WARN_OBJC_ROOT_CLASS = YES_ERROR;
				CLANG_WARN_QUOTED_INCLUDE_IN_FRAMEWORK_HEADER = YES;
				CLANG_WARN_RANGE_LOOP_ANALYSIS = YES;
				CLANG_WARN_STRICT_PROTOTYPES = YES;
				CLANG_WARN_SUSPICIOUS_MOVE = YES;
				CLANG_WARN_UNGUARDED_AVAILABILITY = YES_AGGRESSIVE;
				CLANG_WARN_UNREACHABLE_CODE = YES;
				CLANG_WARN__DUPLICATE_METHOD_MATCH = YES;
				COPY_PHASE_STRIP = NO;
				DEBUG_INFORMATION_FORMAT = "dwarf-with-dsym";
				ENABLE_NS_ASSERTIONS = NO;
				ENABLE_STRICT_OBJC_MSGSEND = YES;
				ENABLE_USER_SCRIPT_SANDBOXING = YES;
				GCC_C_LANGUAGE_STANDARD = gnu17;
				GCC_NO_COMMON_BLOCKS = YES;
				GCC_WARN_64_TO_32_BIT_CONVERSION = YES;
				GCC_WARN_ABOUT_RETURN_TYPE = YES_ERROR;
				GCC_WARN_UNDECLARED_SELECTOR = YES;
				GCC_WARN_UNINITIALIZED_AUTOS = YES_AGGRESSIVE;
				GCC_WARN_UNUSED_FUNCTION = YES;
				GCC_WARN_UNUSED_VARIABLE = YES;
				IPHONEOS_DEPLOYMENT_TARGET = 17.5;
				LOCALIZATION_PREFERS_STRING_CATALOGS = YES;
				MTL_ENABLE_DEBUG_INFO = NO;
				MTL_FAST_MATH = YES;
				SDKROOT = iphoneos;
				SWIFT_COMPILATION_MODE = wholemodule;
				VALIDATE_PRODUCT = YES;
			};
			name = Release;
		};
		5618CC222C07D1430026D6EA /* Debug */ = {
			isa = XCBuildConfiguration;
			baseConfigurationReference = 97F3095D3E2B8341E63625B9 /* Pods-Unsplash App.debug.xcconfig */;
			buildSettings = {
				ASSETCATALOG_COMPILER_APPICON_NAME = AppIcon;
				ASSETCATALOG_COMPILER_GLOBAL_ACCENT_COLOR_NAME = AccentColor;
				CODE_SIGN_STYLE = Automatic;
				CURRENT_PROJECT_VERSION = 1;
				DEVELOPMENT_TEAM = AS6V32XUFG;
				GENERATE_INFOPLIST_FILE = YES;
				INFOPLIST_FILE = "Unsplash App/Info.plist";
				INFOPLIST_KEY_UIApplicationSupportsIndirectInputEvents = YES;
				INFOPLIST_KEY_UILaunchStoryboardName = LaunchScreen;
				INFOPLIST_KEY_UIMainStoryboardFile = Main;
				INFOPLIST_KEY_UISupportedInterfaceOrientations_iPad = "UIInterfaceOrientationPortrait UIInterfaceOrientationPortraitUpsideDown UIInterfaceOrientationLandscapeLeft UIInterfaceOrientationLandscapeRight";
				INFOPLIST_KEY_UISupportedInterfaceOrientations_iPhone = "UIInterfaceOrientationPortrait UIInterfaceOrientationLandscapeLeft UIInterfaceOrientationLandscapeRight";
				LD_RUNPATH_SEARCH_PATHS = (
					"$(inherited)",
					"@executable_path/Frameworks",
				);
				MARKETING_VERSION = 1.0;
				PRODUCT_BUNDLE_IDENTIFIER = "Arman-Galstyan.Unsplash-App";
				PRODUCT_NAME = "$(TARGET_NAME)";
				SWIFT_EMIT_LOC_STRINGS = YES;
				SWIFT_VERSION = 5.0;
				TARGETED_DEVICE_FAMILY = "1,2";
			};
			name = Debug;
		};
		5618CC232C07D1430026D6EA /* Release */ = {
			isa = XCBuildConfiguration;
			baseConfigurationReference = ECC09DD38F057B532CFF682D /* Pods-Unsplash App.release.xcconfig */;
			buildSettings = {
				ASSETCATALOG_COMPILER_APPICON_NAME = AppIcon;
				ASSETCATALOG_COMPILER_GLOBAL_ACCENT_COLOR_NAME = AccentColor;
				CODE_SIGN_STYLE = Automatic;
				CURRENT_PROJECT_VERSION = 1;
				DEVELOPMENT_TEAM = AS6V32XUFG;
				GENERATE_INFOPLIST_FILE = YES;
				INFOPLIST_FILE = "Unsplash App/Info.plist";
				INFOPLIST_KEY_UIApplicationSupportsIndirectInputEvents = YES;
				INFOPLIST_KEY_UILaunchStoryboardName = LaunchScreen;
				INFOPLIST_KEY_UIMainStoryboardFile = Main;
				INFOPLIST_KEY_UISupportedInterfaceOrientations_iPad = "UIInterfaceOrientationPortrait UIInterfaceOrientationPortraitUpsideDown UIInterfaceOrientationLandscapeLeft UIInterfaceOrientationLandscapeRight";
				INFOPLIST_KEY_UISupportedInterfaceOrientations_iPhone = "UIInterfaceOrientationPortrait UIInterfaceOrientationLandscapeLeft UIInterfaceOrientationLandscapeRight";
				LD_RUNPATH_SEARCH_PATHS = (
					"$(inherited)",
					"@executable_path/Frameworks",
				);
				MARKETING_VERSION = 1.0;
				PRODUCT_BUNDLE_IDENTIFIER = "Arman-Galstyan.Unsplash-App";
				PRODUCT_NAME = "$(TARGET_NAME)";
				SWIFT_EMIT_LOC_STRINGS = YES;
				SWIFT_VERSION = 5.0;
				TARGETED_DEVICE_FAMILY = "1,2";
			};
			name = Release;
		};
		5618CC252C07D1430026D6EA /* Debug */ = {
			isa = XCBuildConfiguration;
			baseConfigurationReference = 41644284ED193D8B943C4B00 /* Pods-Unsplash AppTests.debug.xcconfig */;
			buildSettings = {
				ALWAYS_EMBED_SWIFT_STANDARD_LIBRARIES = YES;
				BUNDLE_LOADER = "$(TEST_HOST)";
				CODE_SIGN_STYLE = Automatic;
				CURRENT_PROJECT_VERSION = 1;
				DEVELOPMENT_TEAM = AS6V32XUFG;
				GENERATE_INFOPLIST_FILE = YES;
				IPHONEOS_DEPLOYMENT_TARGET = 17.5;
				MARKETING_VERSION = 1.0;
				PRODUCT_BUNDLE_IDENTIFIER = "Arman-Galstyan.Unsplash-AppTests";
				PRODUCT_NAME = "$(TARGET_NAME)";
				SWIFT_EMIT_LOC_STRINGS = NO;
				SWIFT_VERSION = 5.0;
				TARGETED_DEVICE_FAMILY = "1,2";
				TEST_HOST = "$(BUILT_PRODUCTS_DIR)/Unsplash App.app/$(BUNDLE_EXECUTABLE_FOLDER_PATH)/Unsplash App";
			};
			name = Debug;
		};
		5618CC262C07D1430026D6EA /* Release */ = {
			isa = XCBuildConfiguration;
			baseConfigurationReference = E86DA236F23F527F3A82F8D3 /* Pods-Unsplash AppTests.release.xcconfig */;
			buildSettings = {
				ALWAYS_EMBED_SWIFT_STANDARD_LIBRARIES = YES;
				BUNDLE_LOADER = "$(TEST_HOST)";
				CODE_SIGN_STYLE = Automatic;
				CURRENT_PROJECT_VERSION = 1;
				DEVELOPMENT_TEAM = AS6V32XUFG;
				GENERATE_INFOPLIST_FILE = YES;
				IPHONEOS_DEPLOYMENT_TARGET = 17.5;
				MARKETING_VERSION = 1.0;
				PRODUCT_BUNDLE_IDENTIFIER = "Arman-Galstyan.Unsplash-AppTests";
				PRODUCT_NAME = "$(TARGET_NAME)";
				SWIFT_EMIT_LOC_STRINGS = NO;
				SWIFT_VERSION = 5.0;
				TARGETED_DEVICE_FAMILY = "1,2";
				TEST_HOST = "$(BUILT_PRODUCTS_DIR)/Unsplash App.app/$(BUNDLE_EXECUTABLE_FOLDER_PATH)/Unsplash App";
			};
			name = Release;
		};
		5618CC282C07D1430026D6EA /* Debug */ = {
			isa = XCBuildConfiguration;
			baseConfigurationReference = A6DD9BCDBEDA1C9949A58386 /* Pods-Unsplash App-Unsplash AppUITests.debug.xcconfig */;
			buildSettings = {
				ALWAYS_EMBED_SWIFT_STANDARD_LIBRARIES = YES;
				CODE_SIGN_STYLE = Automatic;
				CURRENT_PROJECT_VERSION = 1;
				DEVELOPMENT_TEAM = AS6V32XUFG;
				GENERATE_INFOPLIST_FILE = YES;
				MARKETING_VERSION = 1.0;
				PRODUCT_BUNDLE_IDENTIFIER = "Arman-Galstyan.Unsplash-AppUITests";
				PRODUCT_NAME = "$(TARGET_NAME)";
				SWIFT_EMIT_LOC_STRINGS = NO;
				SWIFT_VERSION = 5.0;
				TARGETED_DEVICE_FAMILY = "1,2";
				TEST_TARGET_NAME = "Unsplash App";
			};
			name = Debug;
		};
		5618CC292C07D1430026D6EA /* Release */ = {
			isa = XCBuildConfiguration;
			baseConfigurationReference = 05B8925B78F3246DB2AE036C /* Pods-Unsplash App-Unsplash AppUITests.release.xcconfig */;
			buildSettings = {
				ALWAYS_EMBED_SWIFT_STANDARD_LIBRARIES = YES;
				CODE_SIGN_STYLE = Automatic;
				CURRENT_PROJECT_VERSION = 1;
				DEVELOPMENT_TEAM = AS6V32XUFG;
				GENERATE_INFOPLIST_FILE = YES;
				MARKETING_VERSION = 1.0;
				PRODUCT_BUNDLE_IDENTIFIER = "Arman-Galstyan.Unsplash-AppUITests";
				PRODUCT_NAME = "$(TARGET_NAME)";
				SWIFT_EMIT_LOC_STRINGS = NO;
				SWIFT_VERSION = 5.0;
				TARGETED_DEVICE_FAMILY = "1,2";
				TEST_TARGET_NAME = "Unsplash App";
			};
			name = Release;
		};
/* End XCBuildConfiguration section */

/* Begin XCConfigurationList section */
		5618CBF22C07D1410026D6EA /* Build configuration list for PBXProject "Unsplash App" */ = {
			isa = XCConfigurationList;
			buildConfigurations = (
				5618CC1F2C07D1430026D6EA /* Debug */,
				5618CC202C07D1430026D6EA /* Release */,
			);
			defaultConfigurationIsVisible = 0;
			defaultConfigurationName = Release;
		};
		5618CC212C07D1430026D6EA /* Build configuration list for PBXNativeTarget "Unsplash App" */ = {
			isa = XCConfigurationList;
			buildConfigurations = (
				5618CC222C07D1430026D6EA /* Debug */,
				5618CC232C07D1430026D6EA /* Release */,
			);
			defaultConfigurationIsVisible = 0;
			defaultConfigurationName = Release;
		};
		5618CC242C07D1430026D6EA /* Build configuration list for PBXNativeTarget "Unsplash AppTests" */ = {
			isa = XCConfigurationList;
			buildConfigurations = (
				5618CC252C07D1430026D6EA /* Debug */,
				5618CC262C07D1430026D6EA /* Release */,
			);
			defaultConfigurationIsVisible = 0;
			defaultConfigurationName = Release;
		};
		5618CC272C07D1430026D6EA /* Build configuration list for PBXNativeTarget "Unsplash AppUITests" */ = {
			isa = XCConfigurationList;
			buildConfigurations = (
				5618CC282C07D1430026D6EA /* Debug */,
				5618CC292C07D1430026D6EA /* Release */,
			);
			defaultConfigurationIsVisible = 0;
			defaultConfigurationName = Release;
		};
/* End XCConfigurationList section */
	};
	rootObject = 5618CBEF2C07D1410026D6EA /* Project object */;
}
